// !$*UTF8*$!
{
	archiveVersion = 1;
	classes = {
	};
	objectVersion = 55;
	objects = {

/* Begin PBXBuildFile section */
		724833CF28A544FC00D66215 /* ImageManager.swift in Sources */ = {isa = PBXBuildFile; fileRef = 724833CE28A544FC00D66215 /* ImageManager.swift */; };
		7253737C28A6224500797748 /* NewFeatureCell.swift in Sources */ = {isa = PBXBuildFile; fileRef = 7253737B28A6224500797748 /* NewFeatureCell.swift */; };
		7253737F28A6305600797748 /* DateManager.swift in Sources */ = {isa = PBXBuildFile; fileRef = 7253737E28A6305600797748 /* DateManager.swift */; };
		7253738128A63B7500797748 /* PreviewCell.swift in Sources */ = {isa = PBXBuildFile; fileRef = 7253738028A63B7500797748 /* PreviewCell.swift */; };
		7253738328A64DEA00797748 /* PreviewHeader.swift in Sources */ = {isa = PBXBuildFile; fileRef = 7253738228A64DEA00797748 /* PreviewHeader.swift */; };
		7253738528A651DC00797748 /* PreviewFooter.swift in Sources */ = {isa = PBXBuildFile; fileRef = 7253738428A651DC00797748 /* PreviewFooter.swift */; };
		7253738828A6581800797748 /* DetailPreviewController.swift in Sources */ = {isa = PBXBuildFile; fileRef = 7253738728A6581800797748 /* DetailPreviewController.swift */; };
		7253738A28A6586D00797748 /* DetailPreviewModel.swift in Sources */ = {isa = PBXBuildFile; fileRef = 7253738928A6586D00797748 /* DetailPreviewModel.swift */; };
		7253738C28A65D1100797748 /* CompositionalLaoutFactory.swift in Sources */ = {isa = PBXBuildFile; fileRef = 7253738B28A65D1100797748 /* CompositionalLaoutFactory.swift */; };
		7253738E28A65D5F00797748 /* PreviewCollectoinDataSource.swift in Sources */ = {isa = PBXBuildFile; fileRef = 7253738D28A65D5E00797748 /* PreviewCollectoinDataSource.swift */; };
		728AD59528A4D41B00F0373B /* AppDelegate.swift in Sources */ = {isa = PBXBuildFile; fileRef = 728AD59428A4D41B00F0373B /* AppDelegate.swift */; };
		728AD59728A4D41B00F0373B /* SceneDelegate.swift in Sources */ = {isa = PBXBuildFile; fileRef = 728AD59628A4D41B00F0373B /* SceneDelegate.swift */; };
		728AD59928A4D41B00F0373B /* LoginViewController.swift in Sources */ = {isa = PBXBuildFile; fileRef = 728AD59828A4D41B00F0373B /* LoginViewController.swift */; };
		728AD59E28A4D41F00F0373B /* Assets.xcassets in Resources */ = {isa = PBXBuildFile; fileRef = 728AD59D28A4D41F00F0373B /* Assets.xcassets */; };
		728AD5A128A4D41F00F0373B /* LaunchScreen.storyboard in Resources */ = {isa = PBXBuildFile; fileRef = 728AD59F28A4D41F00F0373B /* LaunchScreen.storyboard */; };
		728AD5AC28A4D42000F0373B /* AppStoreCloneTests.swift in Sources */ = {isa = PBXBuildFile; fileRef = 728AD5AB28A4D42000F0373B /* AppStoreCloneTests.swift */; };
		728AD5CC28A4DC3E00F0373B /* Extension+.swift in Sources */ = {isa = PBXBuildFile; fileRef = 728AD5CB28A4DC3E00F0373B /* Extension+.swift */; };
		728AD5CE28A4E40E00F0373B /* LoginViewModel.swift in Sources */ = {isa = PBXBuildFile; fileRef = 728AD5CD28A4E40E00F0373B /* LoginViewModel.swift */; };
		728AD5D428A4E73A00F0373B /* AppStoreAPI.swift in Sources */ = {isa = PBXBuildFile; fileRef = 728AD5D328A4E73A00F0373B /* AppStoreAPI.swift */; };
		728AD5D628A4E7BE00F0373B /* ServiceRepository.swift in Sources */ = {isa = PBXBuildFile; fileRef = 728AD5D528A4E7BE00F0373B /* ServiceRepository.swift */; };
		728AD5D928A4EA4A00F0373B /* DoodleDTO.swift in Sources */ = {isa = PBXBuildFile; fileRef = 728AD5D828A4EA4A00F0373B /* DoodleDTO.swift */; };
		728AD5E028A4FF2C00F0373B /* DetailViewController.swift in Sources */ = {isa = PBXBuildFile; fileRef = 728AD5DF28A4FF2C00F0373B /* DetailViewController.swift */; };
		728AD5E228A5026900F0373B /* DetailViewModel.swift in Sources */ = {isa = PBXBuildFile; fileRef = 728AD5E128A5026900F0373B /* DetailViewModel.swift */; };
		728AD5E528A5044900F0373B /* TitleCell.swift in Sources */ = {isa = PBXBuildFile; fileRef = 728AD5E428A5044900F0373B /* TitleCell.swift */; };
		728AD5E728A5061400F0373B /* CollectionViewDataSource.swift in Sources */ = {isa = PBXBuildFile; fileRef = 728AD5E628A5061400F0373B /* CollectionViewDataSource.swift */; };
/* End PBXBuildFile section */

/* Begin PBXContainerItemProxy section */
		728AD5A828A4D42000F0373B /* PBXContainerItemProxy */ = {
			isa = PBXContainerItemProxy;
			containerPortal = 728AD58928A4D41B00F0373B /* Project object */;
			proxyType = 1;
			remoteGlobalIDString = 728AD59028A4D41B00F0373B;
			remoteInfo = AppStoreClone;
		};
		728AD5B228A4D42000F0373B /* PBXContainerItemProxy */ = {
			isa = PBXContainerItemProxy;
			containerPortal = 728AD58928A4D41B00F0373B /* Project object */;
			proxyType = 1;
			remoteGlobalIDString = 728AD59028A4D41B00F0373B;
			remoteInfo = AppStoreClone;
		};
/* End PBXContainerItemProxy section */

/* Begin PBXFileReference section */
		724833CE28A544FC00D66215 /* ImageManager.swift */ = {isa = PBXFileReference; lastKnownFileType = sourcecode.swift; path = ImageManager.swift; sourceTree = "<group>"; };
		7253737B28A6224500797748 /* NewFeatureCell.swift */ = {isa = PBXFileReference; lastKnownFileType = sourcecode.swift; path = NewFeatureCell.swift; sourceTree = "<group>"; };
		7253737E28A6305600797748 /* DateManager.swift */ = {isa = PBXFileReference; lastKnownFileType = sourcecode.swift; path = DateManager.swift; sourceTree = "<group>"; };
		7253738028A63B7500797748 /* PreviewCell.swift */ = {isa = PBXFileReference; lastKnownFileType = sourcecode.swift; path = PreviewCell.swift; sourceTree = "<group>"; };
		7253738228A64DEA00797748 /* PreviewHeader.swift */ = {isa = PBXFileReference; lastKnownFileType = sourcecode.swift; path = PreviewHeader.swift; sourceTree = "<group>"; };
		7253738428A651DC00797748 /* PreviewFooter.swift */ = {isa = PBXFileReference; lastKnownFileType = sourcecode.swift; path = PreviewFooter.swift; sourceTree = "<group>"; };
		7253738728A6581800797748 /* DetailPreviewController.swift */ = {isa = PBXFileReference; lastKnownFileType = sourcecode.swift; path = DetailPreviewController.swift; sourceTree = "<group>"; };
		7253738928A6586D00797748 /* DetailPreviewModel.swift */ = {isa = PBXFileReference; lastKnownFileType = sourcecode.swift; path = DetailPreviewModel.swift; sourceTree = "<group>"; };
		7253738B28A65D1100797748 /* CompositionalLaoutFactory.swift */ = {isa = PBXFileReference; lastKnownFileType = sourcecode.swift; path = CompositionalLaoutFactory.swift; sourceTree = "<group>"; };
		7253738D28A65D5E00797748 /* PreviewCollectoinDataSource.swift */ = {isa = PBXFileReference; lastKnownFileType = sourcecode.swift; path = PreviewCollectoinDataSource.swift; sourceTree = "<group>"; };
		728AD59128A4D41B00F0373B /* AppStoreClone.app */ = {isa = PBXFileReference; explicitFileType = wrapper.application; includeInIndex = 0; path = AppStoreClone.app; sourceTree = BUILT_PRODUCTS_DIR; };
		728AD59428A4D41B00F0373B /* AppDelegate.swift */ = {isa = PBXFileReference; lastKnownFileType = sourcecode.swift; path = AppDelegate.swift; sourceTree = "<group>"; };
		728AD59628A4D41B00F0373B /* SceneDelegate.swift */ = {isa = PBXFileReference; lastKnownFileType = sourcecode.swift; path = SceneDelegate.swift; sourceTree = "<group>"; };
		728AD59828A4D41B00F0373B /* LoginViewController.swift */ = {isa = PBXFileReference; lastKnownFileType = sourcecode.swift; path = LoginViewController.swift; sourceTree = "<group>"; };
		728AD59D28A4D41F00F0373B /* Assets.xcassets */ = {isa = PBXFileReference; lastKnownFileType = folder.assetcatalog; path = Assets.xcassets; sourceTree = "<group>"; };
		728AD5A028A4D41F00F0373B /* Base */ = {isa = PBXFileReference; lastKnownFileType = file.storyboard; name = Base; path = Base.lproj/LaunchScreen.storyboard; sourceTree = "<group>"; };
		728AD5A228A4D41F00F0373B /* Info.plist */ = {isa = PBXFileReference; lastKnownFileType = text.plist.xml; path = Info.plist; sourceTree = "<group>"; };
		728AD5A728A4D42000F0373B /* AppStoreCloneTests.xctest */ = {isa = PBXFileReference; explicitFileType = wrapper.cfbundle; includeInIndex = 0; path = AppStoreCloneTests.xctest; sourceTree = BUILT_PRODUCTS_DIR; };
		728AD5AB28A4D42000F0373B /* AppStoreCloneTests.swift */ = {isa = PBXFileReference; lastKnownFileType = sourcecode.swift; path = AppStoreCloneTests.swift; sourceTree = "<group>"; };
		728AD5B128A4D42000F0373B /* AppStoreCloneUITests.xctest */ = {isa = PBXFileReference; explicitFileType = wrapper.cfbundle; includeInIndex = 0; path = AppStoreCloneUITests.xctest; sourceTree = BUILT_PRODUCTS_DIR; };
		728AD5CB28A4DC3E00F0373B /* Extension+.swift */ = {isa = PBXFileReference; lastKnownFileType = sourcecode.swift; path = "Extension+.swift"; sourceTree = "<group>"; };
		728AD5CD28A4E40E00F0373B /* LoginViewModel.swift */ = {isa = PBXFileReference; lastKnownFileType = sourcecode.swift; path = LoginViewModel.swift; sourceTree = "<group>"; };
		728AD5D328A4E73A00F0373B /* AppStoreAPI.swift */ = {isa = PBXFileReference; lastKnownFileType = sourcecode.swift; path = AppStoreAPI.swift; sourceTree = "<group>"; };
		728AD5D528A4E7BE00F0373B /* ServiceRepository.swift */ = {isa = PBXFileReference; lastKnownFileType = sourcecode.swift; path = ServiceRepository.swift; sourceTree = "<group>"; };
		728AD5D828A4EA4A00F0373B /* DoodleDTO.swift */ = {isa = PBXFileReference; lastKnownFileType = sourcecode.swift; path = DoodleDTO.swift; sourceTree = "<group>"; };
		728AD5DF28A4FF2C00F0373B /* DetailViewController.swift */ = {isa = PBXFileReference; lastKnownFileType = sourcecode.swift; path = DetailViewController.swift; sourceTree = "<group>"; };
		728AD5E128A5026900F0373B /* DetailViewModel.swift */ = {isa = PBXFileReference; lastKnownFileType = sourcecode.swift; path = DetailViewModel.swift; sourceTree = "<group>"; };
		728AD5E428A5044900F0373B /* TitleCell.swift */ = {isa = PBXFileReference; lastKnownFileType = sourcecode.swift; path = TitleCell.swift; sourceTree = "<group>"; };
		728AD5E628A5061400F0373B /* CollectionViewDataSource.swift */ = {isa = PBXFileReference; lastKnownFileType = sourcecode.swift; path = CollectionViewDataSource.swift; sourceTree = "<group>"; };
/* End PBXFileReference section */

/* Begin PBXFrameworksBuildPhase section */
		728AD58E28A4D41B00F0373B /* Frameworks */ = {
			isa = PBXFrameworksBuildPhase;
			buildActionMask = 2147483647;
			files = (
			);
			runOnlyForDeploymentPostprocessing = 0;
		};
		728AD5A428A4D42000F0373B /* Frameworks */ = {
			isa = PBXFrameworksBuildPhase;
			buildActionMask = 2147483647;
			files = (
			);
			runOnlyForDeploymentPostprocessing = 0;
		};
		728AD5AE28A4D42000F0373B /* Frameworks */ = {
			isa = PBXFrameworksBuildPhase;
			buildActionMask = 2147483647;
			files = (
			);
			runOnlyForDeploymentPostprocessing = 0;
		};
/* End PBXFrameworksBuildPhase section */

/* Begin PBXGroup section */
		7253737D28A6304A00797748 /* common */ = {
			isa = PBXGroup;
			children = (
				7253737E28A6305600797748 /* DateManager.swift */,
				7253738B28A65D1100797748 /* CompositionalLaoutFactory.swift */,
			);
			path = common;
			sourceTree = "<group>";
		};
		7253738628A657A900797748 /* detail_preview */ = {
			isa = PBXGroup;
			children = (
				7253738728A6581800797748 /* DetailPreviewController.swift */,
				7253738928A6586D00797748 /* DetailPreviewModel.swift */,
				7253738D28A65D5E00797748 /* PreviewCollectoinDataSource.swift */,
			);
			path = detail_preview;
			sourceTree = "<group>";
		};
		728AD58828A4D41B00F0373B = {
			isa = PBXGroup;
			children = (
				728AD59328A4D41B00F0373B /* AppStoreClone */,
				728AD5AA28A4D42000F0373B /* AppStoreCloneTests */,
				728AD59228A4D41B00F0373B /* Products */,
			);
			sourceTree = "<group>";
		};
		728AD59228A4D41B00F0373B /* Products */ = {
			isa = PBXGroup;
			children = (
				728AD59128A4D41B00F0373B /* AppStoreClone.app */,
				728AD5A728A4D42000F0373B /* AppStoreCloneTests.xctest */,
				728AD5B128A4D42000F0373B /* AppStoreCloneUITests.xctest */,
			);
			name = Products;
			sourceTree = "<group>";
		};
		728AD59328A4D41B00F0373B /* AppStoreClone */ = {
			isa = PBXGroup;
			children = (
				7253737D28A6304A00797748 /* common */,
				728AD5DD28A4FF1700F0373B /* scene */,
				728AD5D728A4EA3B00F0373B /* models */,
				728AD5D128A4E6F100F0373B /* repository */,
				728AD5CA28A4DC3400F0373B /* extension */,
				728AD59428A4D41B00F0373B /* AppDelegate.swift */,
				728AD59628A4D41B00F0373B /* SceneDelegate.swift */,
				728AD59D28A4D41F00F0373B /* Assets.xcassets */,
				728AD59F28A4D41F00F0373B /* LaunchScreen.storyboard */,
				728AD5A228A4D41F00F0373B /* Info.plist */,
			);
			path = AppStoreClone;
			sourceTree = "<group>";
		};
		728AD5AA28A4D42000F0373B /* AppStoreCloneTests */ = {
			isa = PBXGroup;
			children = (
				728AD5AB28A4D42000F0373B /* AppStoreCloneTests.swift */,
			);
			path = AppStoreCloneTests;
			sourceTree = "<group>";
		};
		728AD5C728A4D99D00F0373B /* login */ = {
			isa = PBXGroup;
			children = (
				728AD59828A4D41B00F0373B /* LoginViewController.swift */,
				728AD5CD28A4E40E00F0373B /* LoginViewModel.swift */,
			);
			path = login;
			sourceTree = "<group>";
		};
		728AD5CA28A4DC3400F0373B /* extension */ = {
			isa = PBXGroup;
			children = (
				728AD5CB28A4DC3E00F0373B /* Extension+.swift */,
			);
			path = extension;
			sourceTree = "<group>";
		};
		728AD5D128A4E6F100F0373B /* repository */ = {
			isa = PBXGroup;
			children = (
				728AD5D228A4E72F00F0373B /* service */,
				728AD5D528A4E7BE00F0373B /* ServiceRepository.swift */,
				724833CE28A544FC00D66215 /* ImageManager.swift */,
			);
			path = repository;
			sourceTree = "<group>";
		};
		728AD5D228A4E72F00F0373B /* service */ = {
			isa = PBXGroup;
			children = (
				728AD5D328A4E73A00F0373B /* AppStoreAPI.swift */,
			);
			path = service;
			sourceTree = "<group>";
		};
		728AD5D728A4EA3B00F0373B /* models */ = {
			isa = PBXGroup;
			children = (
				728AD5D828A4EA4A00F0373B /* DoodleDTO.swift */,
			);
			path = models;
			sourceTree = "<group>";
		};
		728AD5DD28A4FF1700F0373B /* scene */ = {
			isa = PBXGroup;
			children = (
				728AD5DE28A4FF2200F0373B /* detail */,
				728AD5C728A4D99D00F0373B /* login */,
			);
			path = scene;
			sourceTree = "<group>";
		};
		728AD5DE28A4FF2200F0373B /* detail */ = {
			isa = PBXGroup;
			children = (
				7253738628A657A900797748 /* detail_preview */,
				728AD5E328A5042B00F0373B /* cell */,
				728AD5DF28A4FF2C00F0373B /* DetailViewController.swift */,
				728AD5E128A5026900F0373B /* DetailViewModel.swift */,
				728AD5E628A5061400F0373B /* CollectionViewDataSource.swift */,
			);
			path = detail;
			sourceTree = "<group>";
		};
		728AD5E328A5042B00F0373B /* cell */ = {
			isa = PBXGroup;
			children = (
				728AD5E428A5044900F0373B /* TitleCell.swift */,
				7253737B28A6224500797748 /* NewFeatureCell.swift */,
				7253738028A63B7500797748 /* PreviewCell.swift */,
				7253738228A64DEA00797748 /* PreviewHeader.swift */,
				7253738428A651DC00797748 /* PreviewFooter.swift */,
			);
			path = cell;
			sourceTree = "<group>";
		};
/* End PBXGroup section */

/* Begin PBXNativeTarget section */
		728AD59028A4D41B00F0373B /* AppStoreClone */ = {
			isa = PBXNativeTarget;
			buildConfigurationList = 728AD5BB28A4D42000F0373B /* Build configuration list for PBXNativeTarget "AppStoreClone" */;
			buildPhases = (
				728AD58D28A4D41B00F0373B /* Sources */,
				728AD58E28A4D41B00F0373B /* Frameworks */,
				728AD58F28A4D41B00F0373B /* Resources */,
			);
			buildRules = (
			);
			dependencies = (
			);
			name = AppStoreClone;
			productName = AppStoreClone;
			productReference = 728AD59128A4D41B00F0373B /* AppStoreClone.app */;
			productType = "com.apple.product-type.application";
		};
		728AD5A628A4D42000F0373B /* AppStoreCloneTests */ = {
			isa = PBXNativeTarget;
			buildConfigurationList = 728AD5BE28A4D42000F0373B /* Build configuration list for PBXNativeTarget "AppStoreCloneTests" */;
			buildPhases = (
				728AD5A328A4D42000F0373B /* Sources */,
				728AD5A428A4D42000F0373B /* Frameworks */,
				728AD5A528A4D42000F0373B /* Resources */,
			);
			buildRules = (
			);
			dependencies = (
				728AD5A928A4D42000F0373B /* PBXTargetDependency */,
			);
			name = AppStoreCloneTests;
			productName = AppStoreCloneTests;
			productReference = 728AD5A728A4D42000F0373B /* AppStoreCloneTests.xctest */;
			productType = "com.apple.product-type.bundle.unit-test";
		};
		728AD5B028A4D42000F0373B /* AppStoreCloneUITests */ = {
			isa = PBXNativeTarget;
			buildConfigurationList = 728AD5C128A4D42000F0373B /* Build configuration list for PBXNativeTarget "AppStoreCloneUITests" */;
			buildPhases = (
				728AD5AD28A4D42000F0373B /* Sources */,
				728AD5AE28A4D42000F0373B /* Frameworks */,
				728AD5AF28A4D42000F0373B /* Resources */,
			);
			buildRules = (
			);
			dependencies = (
				728AD5B328A4D42000F0373B /* PBXTargetDependency */,
			);
			name = AppStoreCloneUITests;
			productName = AppStoreCloneUITests;
			productReference = 728AD5B128A4D42000F0373B /* AppStoreCloneUITests.xctest */;
			productType = "com.apple.product-type.bundle.ui-testing";
		};
/* End PBXNativeTarget section */

/* Begin PBXProject section */
		728AD58928A4D41B00F0373B /* Project object */ = {
			isa = PBXProject;
			attributes = {
				BuildIndependentTargetsInParallel = 1;
				LastSwiftUpdateCheck = 1340;
				LastUpgradeCheck = 1340;
				TargetAttributes = {
					728AD59028A4D41B00F0373B = {
						CreatedOnToolsVersion = 13.4.1;
					};
					728AD5A628A4D42000F0373B = {
						CreatedOnToolsVersion = 13.4.1;
						TestTargetID = 728AD59028A4D41B00F0373B;
					};
					728AD5B028A4D42000F0373B = {
						CreatedOnToolsVersion = 13.4.1;
						TestTargetID = 728AD59028A4D41B00F0373B;
					};
				};
			};
			buildConfigurationList = 728AD58C28A4D41B00F0373B /* Build configuration list for PBXProject "AppStoreClone" */;
			compatibilityVersion = "Xcode 13.0";
			developmentRegion = en;
			hasScannedForEncodings = 0;
			knownRegions = (
				en,
				Base,
			);
			mainGroup = 728AD58828A4D41B00F0373B;
			productRefGroup = 728AD59228A4D41B00F0373B /* Products */;
			projectDirPath = "";
			projectRoot = "";
			targets = (
				728AD59028A4D41B00F0373B /* AppStoreClone */,
				728AD5A628A4D42000F0373B /* AppStoreCloneTests */,
				728AD5B028A4D42000F0373B /* AppStoreCloneUITests */,
			);
		};
/* End PBXProject section */

/* Begin PBXResourcesBuildPhase section */
		728AD58F28A4D41B00F0373B /* Resources */ = {
			isa = PBXResourcesBuildPhase;
			buildActionMask = 2147483647;
			files = (
				728AD5A128A4D41F00F0373B /* LaunchScreen.storyboard in Resources */,
				728AD59E28A4D41F00F0373B /* Assets.xcassets in Resources */,
			);
			runOnlyForDeploymentPostprocessing = 0;
		};
		728AD5A528A4D42000F0373B /* Resources */ = {
			isa = PBXResourcesBuildPhase;
			buildActionMask = 2147483647;
			files = (
			);
			runOnlyForDeploymentPostprocessing = 0;
		};
		728AD5AF28A4D42000F0373B /* Resources */ = {
			isa = PBXResourcesBuildPhase;
			buildActionMask = 2147483647;
			files = (
			);
			runOnlyForDeploymentPostprocessing = 0;
		};
/* End PBXResourcesBuildPhase section */

/* Begin PBXSourcesBuildPhase section */
		728AD58D28A4D41B00F0373B /* Sources */ = {
			isa = PBXSourcesBuildPhase;
			buildActionMask = 2147483647;
			files = (
				7253738C28A65D1100797748 /* CompositionalLaoutFactory.swift in Sources */,
				728AD5E528A5044900F0373B /* TitleCell.swift in Sources */,
				7253737F28A6305600797748 /* DateManager.swift in Sources */,
				728AD59928A4D41B00F0373B /* LoginViewController.swift in Sources */,
				728AD5D928A4EA4A00F0373B /* DoodleDTO.swift in Sources */,
				728AD5CC28A4DC3E00F0373B /* Extension+.swift in Sources */,
				7253738528A651DC00797748 /* PreviewFooter.swift in Sources */,
				728AD59528A4D41B00F0373B /* AppDelegate.swift in Sources */,
				728AD5CE28A4E40E00F0373B /* LoginViewModel.swift in Sources */,
				7253738E28A65D5F00797748 /* PreviewCollectoinDataSource.swift in Sources */,
				728AD5D428A4E73A00F0373B /* AppStoreAPI.swift in Sources */,
				7253738A28A6586D00797748 /* DetailPreviewModel.swift in Sources */,
				728AD59728A4D41B00F0373B /* SceneDelegate.swift in Sources */,
				728AD5E728A5061400F0373B /* CollectionViewDataSource.swift in Sources */,
				7253737C28A6224500797748 /* NewFeatureCell.swift in Sources */,
				728AD5E028A4FF2C00F0373B /* DetailViewController.swift in Sources */,
				728AD5E228A5026900F0373B /* DetailViewModel.swift in Sources */,
				7253738828A6581800797748 /* DetailPreviewController.swift in Sources */,
				7253738328A64DEA00797748 /* PreviewHeader.swift in Sources */,
				728AD5D628A4E7BE00F0373B /* ServiceRepository.swift in Sources */,
				7253738128A63B7500797748 /* PreviewCell.swift in Sources */,
				724833CF28A544FC00D66215 /* ImageManager.swift in Sources */,
			);
			runOnlyForDeploymentPostprocessing = 0;
		};
		728AD5A328A4D42000F0373B /* Sources */ = {
			isa = PBXSourcesBuildPhase;
			buildActionMask = 2147483647;
			files = (
				728AD5AC28A4D42000F0373B /* AppStoreCloneTests.swift in Sources */,
			);
			runOnlyForDeploymentPostprocessing = 0;
		};
		728AD5AD28A4D42000F0373B /* Sources */ = {
			isa = PBXSourcesBuildPhase;
			buildActionMask = 2147483647;
			files = (
			);
			runOnlyForDeploymentPostprocessing = 0;
		};
/* End PBXSourcesBuildPhase section */

/* Begin PBXTargetDependency section */
		728AD5A928A4D42000F0373B /* PBXTargetDependency */ = {
			isa = PBXTargetDependency;
			target = 728AD59028A4D41B00F0373B /* AppStoreClone */;
			targetProxy = 728AD5A828A4D42000F0373B /* PBXContainerItemProxy */;
		};
		728AD5B328A4D42000F0373B /* PBXTargetDependency */ = {
			isa = PBXTargetDependency;
			target = 728AD59028A4D41B00F0373B /* AppStoreClone */;
			targetProxy = 728AD5B228A4D42000F0373B /* PBXContainerItemProxy */;
		};
/* End PBXTargetDependency section */

/* Begin PBXVariantGroup section */
		728AD59F28A4D41F00F0373B /* LaunchScreen.storyboard */ = {
			isa = PBXVariantGroup;
			children = (
				728AD5A028A4D41F00F0373B /* Base */,
			);
			name = LaunchScreen.storyboard;
			sourceTree = "<group>";
		};
/* End PBXVariantGroup section */

/* Begin XCBuildConfiguration section */
		728AD5B928A4D42000F0373B /* Debug */ = {
			isa = XCBuildConfiguration;
			buildSettings = {
				ALWAYS_SEARCH_USER_PATHS = NO;
				CLANG_ANALYZER_NONNULL = YES;
				CLANG_ANALYZER_NUMBER_OBJECT_CONVERSION = YES_AGGRESSIVE;
				CLANG_CXX_LANGUAGE_STANDARD = "gnu++17";
				CLANG_ENABLE_MODULES = YES;
				CLANG_ENABLE_OBJC_ARC = YES;
				CLANG_ENABLE_OBJC_WEAK = YES;
				CLANG_WARN_BLOCK_CAPTURE_AUTORELEASING = YES;
				CLANG_WARN_BOOL_CONVERSION = YES;
				CLANG_WARN_COMMA = YES;
				CLANG_WARN_CONSTANT_CONVERSION = YES;
				CLANG_WARN_DEPRECATED_OBJC_IMPLEMENTATIONS = YES;
				CLANG_WARN_DIRECT_OBJC_ISA_USAGE = YES_ERROR;
				CLANG_WARN_DOCUMENTATION_COMMENTS = YES;
				CLANG_WARN_EMPTY_BODY = YES;
				CLANG_WARN_ENUM_CONVERSION = YES;
				CLANG_WARN_INFINITE_RECURSION = YES;
				CLANG_WARN_INT_CONVERSION = YES;
				CLANG_WARN_NON_LITERAL_NULL_CONVERSION = YES;
				CLANG_WARN_OBJC_IMPLICIT_RETAIN_SELF = YES;
				CLANG_WARN_OBJC_LITERAL_CONVERSION = YES;
				CLANG_WARN_OBJC_ROOT_CLASS = YES_ERROR;
				CLANG_WARN_QUOTED_INCLUDE_IN_FRAMEWORK_HEADER = YES;
				CLANG_WARN_RANGE_LOOP_ANALYSIS = YES;
				CLANG_WARN_STRICT_PROTOTYPES = YES;
				CLANG_WARN_SUSPICIOUS_MOVE = YES;
				CLANG_WARN_UNGUARDED_AVAILABILITY = YES_AGGRESSIVE;
				CLANG_WARN_UNREACHABLE_CODE = YES;
				CLANG_WARN__DUPLICATE_METHOD_MATCH = YES;
				COPY_PHASE_STRIP = NO;
				DEBUG_INFORMATION_FORMAT = dwarf;
				ENABLE_STRICT_OBJC_MSGSEND = YES;
				ENABLE_TESTABILITY = YES;
				GCC_C_LANGUAGE_STANDARD = gnu11;
				GCC_DYNAMIC_NO_PIC = NO;
				GCC_NO_COMMON_BLOCKS = YES;
				GCC_OPTIMIZATION_LEVEL = 0;
				GCC_PREPROCESSOR_DEFINITIONS = (
					"DEBUG=1",
					"$(inherited)",
				);
				GCC_WARN_64_TO_32_BIT_CONVERSION = YES;
				GCC_WARN_ABOUT_RETURN_TYPE = YES_ERROR;
				GCC_WARN_UNDECLARED_SELECTOR = YES;
				GCC_WARN_UNINITIALIZED_AUTOS = YES_AGGRESSIVE;
				GCC_WARN_UNUSED_FUNCTION = YES;
				GCC_WARN_UNUSED_VARIABLE = YES;
				IPHONEOS_DEPLOYMENT_TARGET = 13.0;
				MTL_ENABLE_DEBUG_INFO = INCLUDE_SOURCE;
				MTL_FAST_MATH = YES;
				ONLY_ACTIVE_ARCH = YES;
				SDKROOT = iphoneos;
				SWIFT_ACTIVE_COMPILATION_CONDITIONS = DEBUG;
				SWIFT_OPTIMIZATION_LEVEL = "-Onone";
			};
			name = Debug;
		};
		728AD5BA28A4D42000F0373B /* Release */ = {
			isa = XCBuildConfiguration;
			buildSettings = {
				ALWAYS_SEARCH_USER_PATHS = NO;
				CLANG_ANALYZER_NONNULL = YES;
				CLANG_ANALYZER_NUMBER_OBJECT_CONVERSION = YES_AGGRESSIVE;
				CLANG_CXX_LANGUAGE_STANDARD = "gnu++17";
				CLANG_ENABLE_MODULES = YES;
				CLANG_ENABLE_OBJC_ARC = YES;
				CLANG_ENABLE_OBJC_WEAK = YES;
				CLANG_WARN_BLOCK_CAPTURE_AUTORELEASING = YES;
				CLANG_WARN_BOOL_CONVERSION = YES;
				CLANG_WARN_COMMA = YES;
				CLANG_WARN_CONSTANT_CONVERSION = YES;
				CLANG_WARN_DEPRECATED_OBJC_IMPLEMENTATIONS = YES;
				CLANG_WARN_DIRECT_OBJC_ISA_USAGE = YES_ERROR;
				CLANG_WARN_DOCUMENTATION_COMMENTS = YES;
				CLANG_WARN_EMPTY_BODY = YES;
				CLANG_WARN_ENUM_CONVERSION = YES;
				CLANG_WARN_INFINITE_RECURSION = YES;
				CLANG_WARN_INT_CONVERSION = YES;
				CLANG_WARN_NON_LITERAL_NULL_CONVERSION = YES;
				CLANG_WARN_OBJC_IMPLICIT_RETAIN_SELF = YES;
				CLANG_WARN_OBJC_LITERAL_CONVERSION = YES;
				CLANG_WARN_OBJC_ROOT_CLASS = YES_ERROR;
				CLANG_WARN_QUOTED_INCLUDE_IN_FRAMEWORK_HEADER = YES;
				CLANG_WARN_RANGE_LOOP_ANALYSIS = YES;
				CLANG_WARN_STRICT_PROTOTYPES = YES;
				CLANG_WARN_SUSPICIOUS_MOVE = YES;
				CLANG_WARN_UNGUARDED_AVAILABILITY = YES_AGGRESSIVE;
				CLANG_WARN_UNREACHABLE_CODE = YES;
				CLANG_WARN__DUPLICATE_METHOD_MATCH = YES;
				COPY_PHASE_STRIP = NO;
				DEBUG_INFORMATION_FORMAT = "dwarf-with-dsym";
				ENABLE_NS_ASSERTIONS = NO;
				ENABLE_STRICT_OBJC_MSGSEND = YES;
				GCC_C_LANGUAGE_STANDARD = gnu11;
				GCC_NO_COMMON_BLOCKS = YES;
				GCC_WARN_64_TO_32_BIT_CONVERSION = YES;
				GCC_WARN_ABOUT_RETURN_TYPE = YES_ERROR;
				GCC_WARN_UNDECLARED_SELECTOR = YES;
				GCC_WARN_UNINITIALIZED_AUTOS = YES_AGGRESSIVE;
				GCC_WARN_UNUSED_FUNCTION = YES;
				GCC_WARN_UNUSED_VARIABLE = YES;
				IPHONEOS_DEPLOYMENT_TARGET = 13.0;
				MTL_ENABLE_DEBUG_INFO = NO;
				MTL_FAST_MATH = YES;
				SDKROOT = iphoneos;
				SWIFT_COMPILATION_MODE = wholemodule;
				SWIFT_OPTIMIZATION_LEVEL = "-O";
				VALIDATE_PRODUCT = YES;
			};
			name = Release;
		};
		728AD5BC28A4D42000F0373B /* Debug */ = {
			isa = XCBuildConfiguration;
			buildSettings = {
				ASSETCATALOG_COMPILER_APPICON_NAME = AppIcon;
				ASSETCATALOG_COMPILER_GLOBAL_ACCENT_COLOR_NAME = AccentColor;
				CODE_SIGN_STYLE = Automatic;
				CURRENT_PROJECT_VERSION = 1;
				DEVELOPMENT_TEAM = B3PWYBKFUK;
				GENERATE_INFOPLIST_FILE = YES;
				INFOPLIST_FILE = AppStoreClone/Info.plist;
				INFOPLIST_KEY_UIApplicationSupportsIndirectInputEvents = YES;
				INFOPLIST_KEY_UILaunchStoryboardName = LaunchScreen;
				INFOPLIST_KEY_UISupportedInterfaceOrientations_iPad = "UIInterfaceOrientationPortrait UIInterfaceOrientationPortraitUpsideDown UIInterfaceOrientationLandscapeLeft UIInterfaceOrientationLandscapeRight";
				INFOPLIST_KEY_UISupportedInterfaceOrientations_iPhone = "UIInterfaceOrientationPortrait UIInterfaceOrientationLandscapeLeft UIInterfaceOrientationLandscapeRight";
				LD_RUNPATH_SEARCH_PATHS = (
					"$(inherited)",
					"@executable_path/Frameworks",
				);
				MARKETING_VERSION = 1.0;
				PRODUCT_BUNDLE_IDENTIFIER = practice.AppStoreClone;
				PRODUCT_NAME = "$(TARGET_NAME)";
				SWIFT_EMIT_LOC_STRINGS = YES;
				SWIFT_VERSION = 5.0;
				TARGETED_DEVICE_FAMILY = "1,2";
			};
			name = Debug;
		};
		728AD5BD28A4D42000F0373B /* Release */ = {
			isa = XCBuildConfiguration;
			buildSettings = {
				ASSETCATALOG_COMPILER_APPICON_NAME = AppIcon;
				ASSETCATALOG_COMPILER_GLOBAL_ACCENT_COLOR_NAME = AccentColor;
				CODE_SIGN_STYLE = Automatic;
				CURRENT_PROJECT_VERSION = 1;
				DEVELOPMENT_TEAM = B3PWYBKFUK;
				GENERATE_INFOPLIST_FILE = YES;
				INFOPLIST_FILE = AppStoreClone/Info.plist;
				INFOPLIST_KEY_UIApplicationSupportsIndirectInputEvents = YES;
				INFOPLIST_KEY_UILaunchStoryboardName = LaunchScreen;
				INFOPLIST_KEY_UISupportedInterfaceOrientations_iPad = "UIInterfaceOrientationPortrait UIInterfaceOrientationPortraitUpsideDown UIInterfaceOrientationLandscapeLeft UIInterfaceOrientationLandscapeRight";
				INFOPLIST_KEY_UISupportedInterfaceOrientations_iPhone = "UIInterfaceOrientationPortrait UIInterfaceOrientationLandscapeLeft UIInterfaceOrientationLandscapeRight";
				LD_RUNPATH_SEARCH_PATHS = (
					"$(inherited)",
					"@executable_path/Frameworks",
				);
				MARKETING_VERSION = 1.0;
				PRODUCT_BUNDLE_IDENTIFIER = practice.AppStoreClone;
				PRODUCT_NAME = "$(TARGET_NAME)";
				SWIFT_EMIT_LOC_STRINGS = YES;
				SWIFT_VERSION = 5.0;
				TARGETED_DEVICE_FAMILY = "1,2";
			};
			name = Release;
		};
		728AD5BF28A4D42000F0373B /* Debug */ = {
			isa = XCBuildConfiguration;
			buildSettings = {
				ALWAYS_EMBED_SWIFT_STANDARD_LIBRARIES = YES;
				BUNDLE_LOADER = "$(TEST_HOST)";
				CODE_SIGN_STYLE = Automatic;
				CURRENT_PROJECT_VERSION = 1;
				DEVELOPMENT_TEAM = B3PWYBKFUK;
				GENERATE_INFOPLIST_FILE = YES;
				IPHONEOS_DEPLOYMENT_TARGET = 15.5;
				MARKETING_VERSION = 1.0;
				PRODUCT_BUNDLE_IDENTIFIER = practice.AppStoreCloneTests;
				PRODUCT_NAME = "$(TARGET_NAME)";
				SWIFT_EMIT_LOC_STRINGS = NO;
				SWIFT_VERSION = 5.0;
				TARGETED_DEVICE_FAMILY = "1,2";
				TEST_HOST = "$(BUILT_PRODUCTS_DIR)/AppStoreClone.app/AppStoreClone";
			};
			name = Debug;
		};
		728AD5C028A4D42000F0373B /* Release */ = {
			isa = XCBuildConfiguration;
			buildSettings = {
				ALWAYS_EMBED_SWIFT_STANDARD_LIBRARIES = YES;
				BUNDLE_LOADER = "$(TEST_HOST)";
				CODE_SIGN_STYLE = Automatic;
				CURRENT_PROJECT_VERSION = 1;
				DEVELOPMENT_TEAM = B3PWYBKFUK;
				GENERATE_INFOPLIST_FILE = YES;
				IPHONEOS_DEPLOYMENT_TARGET = 15.5;
				MARKETING_VERSION = 1.0;
				PRODUCT_BUNDLE_IDENTIFIER = practice.AppStoreCloneTests;
				PRODUCT_NAME = "$(TARGET_NAME)";
				SWIFT_EMIT_LOC_STRINGS = NO;
				SWIFT_VERSION = 5.0;
				TARGETED_DEVICE_FAMILY = "1,2";
				TEST_HOST = "$(BUILT_PRODUCTS_DIR)/AppStoreClone.app/AppStoreClone";
			};
			name = Release;
		};
		728AD5C228A4D42000F0373B /* Debug */ = {
			isa = XCBuildConfiguration;
			buildSettings = {
				ALWAYS_EMBED_SWIFT_STANDARD_LIBRARIES = YES;
				CODE_SIGN_STYLE = Automatic;
				CURRENT_PROJECT_VERSION = 1;
				DEVELOPMENT_TEAM = B3PWYBKFUK;
				GENERATE_INFOPLIST_FILE = YES;
				MARKETING_VERSION = 1.0;
				PRODUCT_BUNDLE_IDENTIFIER = practice.AppStoreCloneUITests;
				PRODUCT_NAME = "$(TARGET_NAME)";
				SWIFT_EMIT_LOC_STRINGS = NO;
				SWIFT_VERSION = 5.0;
				TARGETED_DEVICE_FAMILY = "1,2";
				TEST_TARGET_NAME = AppStoreClone;
			};
			name = Debug;
		};
		728AD5C328A4D42000F0373B /* Release */ = {
			isa = XCBuildConfiguration;
			buildSettings = {
				ALWAYS_EMBED_SWIFT_STANDARD_LIBRARIES = YES;
				CODE_SIGN_STYLE = Automatic;
				CURRENT_PROJECT_VERSION = 1;
				DEVELOPMENT_TEAM = B3PWYBKFUK;
				GENERATE_INFOPLIST_FILE = YES;
				MARKETING_VERSION = 1.0;
				PRODUCT_BUNDLE_IDENTIFIER = practice.AppStoreCloneUITests;
				PRODUCT_NAME = "$(TARGET_NAME)";
				SWIFT_EMIT_LOC_STRINGS = NO;
				SWIFT_VERSION = 5.0;
				TARGETED_DEVICE_FAMILY = "1,2";
				TEST_TARGET_NAME = AppStoreClone;
			};
			name = Release;
		};
/* End XCBuildConfiguration section */

/* Begin XCConfigurationList section */
		728AD58C28A4D41B00F0373B /* Build configuration list for PBXProject "AppStoreClone" */ = {
			isa = XCConfigurationList;
			buildConfigurations = (
				728AD5B928A4D42000F0373B /* Debug */,
				728AD5BA28A4D42000F0373B /* Release */,
			);
			defaultConfigurationIsVisible = 0;
			defaultConfigurationName = Release;
		};
		728AD5BB28A4D42000F0373B /* Build configuration list for PBXNativeTarget "AppStoreClone" */ = {
			isa = XCConfigurationList;
			buildConfigurations = (
				728AD5BC28A4D42000F0373B /* Debug */,
				728AD5BD28A4D42000F0373B /* Release */,
			);
			defaultConfigurationIsVisible = 0;
			defaultConfigurationName = Release;
		};
		728AD5BE28A4D42000F0373B /* Build configuration list for PBXNativeTarget "AppStoreCloneTests" */ = {
			isa = XCConfigurationList;
			buildConfigurations = (
				728AD5BF28A4D42000F0373B /* Debug */,
				728AD5C028A4D42000F0373B /* Release */,
			);
			defaultConfigurationIsVisible = 0;
			defaultConfigurationName = Release;
		};
		728AD5C128A4D42000F0373B /* Build configuration list for PBXNativeTarget "AppStoreCloneUITests" */ = {
			isa = XCConfigurationList;
			buildConfigurations = (
				728AD5C228A4D42000F0373B /* Debug */,
				728AD5C328A4D42000F0373B /* Release */,
			);
			defaultConfigurationIsVisible = 0;
			defaultConfigurationName = Release;
		};
/* End XCConfigurationList section */
	};
	rootObject = 728AD58928A4D41B00F0373B /* Project object */;
}
